
Microsoft Visual Studio Solution File, Format Version 12.00
# Visual Studio Version 16
VisualStudioVersion = 16.0.30011.22
MinimumVisualStudioVersion = 10.0.40219.1
Project("{FAE04EC0-301F-11D3-BF4B-00C04F79EFBC}") = "Calculator", "Calculator\Calculator.csproj", "{EBA436F2-5BFF-4818-BAB8-A90ABB2F1E7D}"
EndProject
Global
	GlobalSection(SolutionConfigurationPlatforms) = preSolution
		Debug|Any CPU = Debug|Any CPU
		Release|Any CPU = Release|Any CPU
	EndGlobalSection
	GlobalSection(ProjectConfigurationPlatforms) = postSolution
		{EBA436F2-5BFF-4818-BAB8-A90ABB2F1E7D}.Debug|Any CPU.ActiveCfg = Debug|Any CPU
		{EBA436F2-5BFF-4818-BAB8-A90ABB2F1E7D}.Debug|Any CPU.Build.0 = Debug|Any CPU
		{EBA436F2-5BFF-4818-BAB8-A90ABB2F1E7D}.Release|Any CPU.ActiveCfg = Release|Any CPU
		{EBA436F2-5BFF-4818-BAB8-A90ABB2F1E7D}.Release|Any CPU.Build.0 = Release|Any CPU
	EndGlobalSection
	GlobalSection(SolutionProperties) = preSolution
		HideSolutionNode = FALSE
	EndGlobalSection
	GlobalSection(ExtensibilityGlobals) = postSolution
		SolutionGuid = {4F35C4CC-69F1-4B62-8DFF-7D44B24FC92B}
	EndGlobalSection
EndGlobal
